{
  "lockfileVersion": 1,
  "configVersion": 1,
  "workspaces": {
    "": {
      "name": "review-sheet",
      "dependencies": {
        "@ast-grep/lang-python": "^0.0.6",
        "@ast-grep/napi": "^0.44.0",
        "@picocss/pico": "2.1.1",
        "ajv": "8.20.0",
        "commander": "15.0.0",
        "htm": "3.1.1",
        "marked": "^18.0.9",
        "preact": "10.29.2",
        "saxes": "^6.0.0",
        "yaml": "^2.9.0",
      },
      "devDependencies": {
        "@happy-dom/global-registrator": "^20.11.1",
        "bun-types": "1.3.14",
      },
    },
  },
  "packages": {
    "@ast-grep/lang-python": ["@ast-grep/lang-python@0.0.6", "", { "dependencies": { "@ast-grep/setup-lang": "0.0.6" }, "peerDependencies": { "tree-sitter-cli": "0.25.8" }, "optionalPeers": ["tree-sitter-cli"] }, "sha512-eF/bEBspmrxdVuPNihvZDyyJx5qtIpGEMz9l1nNQmrji7NZcUiRNC8WwzYyQCBdy1mj8HZ0Tn4I2q3gp/6Bkiw=="],

    "@ast-grep/napi": ["@ast-grep/napi@0.44.0", "", { "optionalDependencies": { "@ast-grep/napi-darwin-arm64": "0.44.0", "@ast-grep/napi-darwin-x64": "0.44.0", "@ast-grep/napi-linux-arm64-gnu": "0.44.0", "@ast-grep/napi-linux-arm64-musl": "0.44.0", "@ast-grep/napi-linux-x64-gnu": "0.44.0", "@ast-grep/napi-linux-x64-musl": "0.44.0", "@ast-grep/napi-win32-arm64-msvc": "0.44.0", "@ast-grep/napi-win32-ia32-msvc": "0.44.0", "@ast-grep/napi-win32-x64-msvc": "0.44.0" } }, "sha512-ElgKzFxOXhYEk9F/TXo/Ld5hR1fs08UiEaP1IB6PfVpGx4KPNN9ewxX+plMjfEY6avEzRE1Zy/gpFo8TijJPCg=="],

    "@ast-grep/napi-darwin-arm64": ["@ast-grep/napi-darwin-arm64@0.44.0", "", { "os": "darwin", "cpu": "arm64" }, "sha512-UKYCGkFaE/wLSXJVC4zKxpfrcEEu/Ok3ziPstIYO/nCIscBJ8cch4bStiVXucRBeZA/kqfGLjt0/iet4QYSbKw=="],

    "@ast-grep/napi-darwin-x64": ["@ast-grep/napi-darwin-x64@0.44.0", "", { "os": "darwin", "cpu": "x64" }, "sha512-CTKYKCDdMgOMiEqO9JPdAuJtGE6yPo8/l2pMKJFzbMlw+JmWlqFqmzLkSZBK0V8Kelcs5TSzr35biHBAgbxr+w=="],

    "@ast-grep/napi-linux-arm64-gnu": ["@ast-grep/napi-linux-arm64-gnu@0.44.0", "", { "os": "linux", "cpu": "arm64" }, "sha512-7zEyLhWZ4WfiUO9n6BYNoq6GizJmOTP1KlSrqUjp1lkGGQW5tGobxuz/rgFXP4e4omH36pc7MKucqj0cARpz3g=="],

    "@ast-grep/napi-linux-arm64-musl": ["@ast-grep/napi-linux-arm64-musl@0.44.0", "", { "os": "linux", "cpu": "arm64" }, "sha512-ZOShb173UgUuTFXB6V73RqPq1wsqCmDulTW/W0889xY34koW3y13e8SmJbUK1GTmjXcjIr4whiCGgDYigByAeA=="],

    "@ast-grep/napi-linux-x64-gnu": ["@ast-grep/napi-linux-x64-gnu@0.44.0", "", { "os": "linux", "cpu": "x64" }, "sha512-eFto0eQY1sVKW7iLE/FTiYvl+rJ2IDoO3VZp7M+oO78Qs2F7OPqCdeo2ucf7TpcyHqbp0CHX8OGDrfngTwt/ew=="],

    "@ast-grep/napi-linux-x64-musl": ["@ast-grep/napi-linux-x64-musl@0.44.0", "", { "os": "linux", "cpu": "x64" }, "sha512-HOODyzZM+sRLgra94v8O3l/4Eg3xEhdZ0XAKCoIPhd+DQKkI3EPlD3PgzYiN+8ExQHhtK/xmJhg7zbXr+d9lrg=="],

    "@ast-grep/napi-win32-arm64-msvc": ["@ast-grep/napi-win32-arm64-msvc@0.44.0", "", { "os": "win32", "cpu": "arm64" }, "sha512-waCOc7sRdoDwVweUZXNQOTnHPawIwbj6Micde62Oqe8T3M1VgROWXaLkouUEkTN3crkpYrTY2+oHBkW2XFrFow=="],

    "@ast-grep/napi-win32-ia32-msvc": ["@ast-grep/napi-win32-ia32-msvc@0.44.0", "", { "os": "win32", "cpu": "ia32" }, "sha512-Pl+Ne78j8RIax/mb9kK10MHC3L9e8YMH4ZC+vRd+oThVZBKGrI2/mo7qVYu8PnB4R2eU8f22WLDNr7nm6gO9Kw=="],

    "@ast-grep/napi-win32-x64-msvc": ["@ast-grep/napi-win32-x64-msvc@0.44.0", "", { "os": "win32", "cpu": "x64" }, "sha512-LZE6lOtB+o3a351lpxxQz1mFp0AplYcZwVW+kMfLe4Lca6sZwy1ewt0pHZUTDH+WZYOizIO6elzWR0evDtTHwg=="],

    "@ast-grep/setup-lang": ["@ast-grep/setup-lang@0.0.6", "", {}, "sha512-aSYZNF5nGQMxnwiA3Lcc8zi0AtpGlug47ADgqCgP/2n7p922FbnW7vo1rbW4kKjW72B/3mDdN7uvYidv8JnPnw=="],

    "@happy-dom/global-registrator": ["@happy-dom/global-registrator@20.11.1", "", { "dependencies": { "@types/node": ">=20.0.0", "happy-dom": "^20.11.1" } }, "sha512-1C0wwHiyMlEdsbrJqff5ORE2PwaXBOam5rMqkZVOReAezd5nt6Tl/WGg28UAo75Ziuwchs0KaF8lvnn2oAtvJA=="],

    "@picocss/pico": ["@picocss/pico@2.1.1", "", {}, "sha512-kIDugA7Ps4U+2BHxiNHmvgPIQDWPDU4IeU6TNRdvXQM1uZX+FibqDQT2xUOnnO2yq/LUHcwnGlu1hvf4KfXnMg=="],

    "@types/node": ["@types/node@25.9.3", "", { "dependencies": { "undici-types": ">=7.24.0 <7.24.7" } }, "sha512-603BddQMv3pUcr4U2dhujk83N2tTDVr/34wII2B6bJy6g+8WD6yUb11jszNs0gdi4PesVWl7ABt8nYMVpnLUcg=="],

    "@types/whatwg-mimetype": ["@types/whatwg-mimetype@3.0.2", "", {}, "sha512-c2AKvDT8ToxLIOUlN51gTiHXflsfIFisS4pO7pDPoKouJCESkhZnEy623gwP9laCy5lnLDAw1vAzu2vM2YLOrA=="],

    "@types/ws": ["@types/ws@8.18.1", "", { "dependencies": { "@types/node": "*" } }, "sha512-ThVF6DCVhA8kUGy+aazFQ4kXQ7E1Ty7A3ypFOe0IcJV8O/M511G99AW24irKrW56Wt44yG9+ij8FaqoBGkuBXg=="],

    "ajv": ["ajv@8.20.0", "", { "dependencies": { "fast-deep-equal": "^3.1.3", "fast-uri": "^3.0.1", "json-schema-traverse": "^1.0.0", "require-from-string": "^2.0.2" } }, "sha512-Thbli+OlOj+iMPYFBVBfJ3OmCAnaSyNn4M1vz9T6Gka5Jt9ba/HIR56joy65tY6kx/FCF5VXNB819Y7/GUrBGA=="],

    "buffer-image-size": ["buffer-image-size@0.6.4", "", { "dependencies": { "@types/node": "*" } }, "sha512-nEh+kZOPY1w+gcCMobZ6ETUp9WfibndnosbpwB1iJk/8Gt5ZF2bhS6+B6bPYz424KtwsR6Rflc3tCz1/ghX2dQ=="],

    "bun-types": ["bun-types@1.3.14", "", { "dependencies": { "@types/node": "*" } }, "sha512-4N0ig0fEomHt5R0KCFWjovxow98rIoRwKolrYdCcknNwMekCXRnWEUvgu5soYV8QXtVsrUD8B95MBOZGPvr6KQ=="],

    "commander": ["commander@15.0.0", "", {}, "sha512-z67u4ZhzCL/Tydu1lJARtEZYWbWaN7oYLHbsuzocr6y4N6WZAagG3RQ4FW61V1/0+jImpj293XfrcYnd1qxtPg=="],

    "entities": ["entities@7.0.1", "", {}, "sha512-TWrgLOFUQTH994YUyl1yT4uyavY5nNB5muff+RtWaqNVCAK408b5ZnnbNAUEWLTCpum9w6arT70i1XdQ4UeOPA=="],

    "fast-deep-equal": ["fast-deep-equal@3.1.3", "", {}, "sha512-f3qQ9oQy9j2AhBe/H9VC91wLmKBCCU/gDOnKNAYG5hswO7BLKj09Hc5HYNz9cGI++xlpDCIgDaitVs03ATR84Q=="],

    "fast-uri": ["fast-uri@3.1.2", "", {}, "sha512-rVjf7ArG3LTk+FS6Yw81V1DLuZl1bRbNrev6Tmd/9RaroeeRRJhAt7jg/6YFxbvAQXUCavSoZhPPj6oOx+5KjQ=="],

    "happy-dom": ["happy-dom@20.11.1", "", { "dependencies": { "@types/node": ">=20.0.0", "@types/whatwg-mimetype": "^3.0.2", "@types/ws": "^8.18.1", "buffer-image-size": "^0.6.4", "entities": "^7.0.1", "whatwg-mimetype": "^3.0.0", "ws": "^8.21.0" } }, "sha512-XSt8tMzbW9ymE7687xztkO1ckR7qJNQ3LywY9vlYGhGi3zXrGBHuUo2Cl1ztZaICW+1eAGdkLbj6iwVqDT33kg=="],

    "htm": ["htm@3.1.1", "", {}, "sha512-983Vyg8NwUE7JkZ6NmOqpCZ+sh1bKv2iYTlUkzlWmA5JD2acKoxd4KVxbMmxX/85mtfdnDmTFoNKcg5DGAvxNQ=="],

    "json-schema-traverse": ["json-schema-traverse@1.0.0", "", {}, "sha512-NM8/P9n3XjXhIZn1lLhkFaACTOURQXjWhV4BA/RnOv8xvgqtqpAX9IO4mRQxSx1Rlo4tqzeqb0sOlruaOy3dug=="],

    "marked": ["marked@18.0.9", "", { "bin": { "marked": "bin/marked.js" } }, "sha512-/Sa4qiiHZxf0/FQdBBowr9q4r10krCwMvpK48FUBdXdUXScDxiQGR9zCPrFgRVR5LU3iySOiIjy09ZQvADir1w=="],

    "preact": ["preact@10.29.2", "", {}, "sha512-7tNmwg/7mzzAoB/8kSg6Hl37JraAZw3Z3A0JSY7VXlZwo82Xn0G7wKbNNs2qoF4ZEEsQGTwDAroNdqKs1ofJxQ=="],

    "require-from-string": ["require-from-string@2.0.2", "", {}, "sha512-Xf0nWe6RseziFMu+Ap9biiUbmplq6S9/p+7w7YXP/JBHhrUDDUhwa+vANyubuqfZWTveU//DYVGsDG7RKL/vEw=="],

    "saxes": ["saxes@6.0.0", "", { "dependencies": { "xmlchars": "^2.2.0" } }, "sha512-xAg7SOnEhrm5zI3puOOKyy1OMcMlIJZYNJY7xLBwSze0UjhPLnWfj2GF2EpT0jmzaJKIWKHLsaSSajf35bcYnA=="],

    "undici-types": ["undici-types@7.24.6", "", {}, "sha512-WRNW+sJgj5OBN4/0JpHFqtqzhpbnV0GuB+OozA9gCL7a993SmU+1JBZCzLNxYsbMfIeDL+lTsphD5jN5N+n0zg=="],

    "whatwg-mimetype": ["whatwg-mimetype@3.0.0", "", {}, "sha512-nt+N2dzIutVRxARx1nghPKGv1xHikU7HKdfafKkLNLindmPU/ch3U31NOCGGA/dmPcmb1VlofO0vnKAcsm0o/Q=="],

    "ws": ["ws@8.21.1", "", { "peerDependencies": { "bufferutil": "^4.0.1", "utf-8-validate": ">=5.0.2" }, "optionalPeers": ["bufferutil", "utf-8-validate"] }, "sha512-+0NTnW77fFN/DjQi6k/Sq/Yvk4Sgajw7urW8V+asjXnRgDs9gyGkdb7EzgfhA4goXsRIZKE28fzIXBHEzhuiWw=="],

    "xmlchars": ["xmlchars@2.2.0", "", {}, "sha512-JZnDKK8B0RCDw84FNdDAIpZK+JuJw+s7Lz8nksI7SIuU3UXJJslUthsi+uWBUYOwPFwW7W7PRLRfUKpxjtjFCw=="],

    "yaml": ["yaml@2.9.0", "", { "bin": { "yaml": "bin.mjs" } }, "sha512-2AvhNX3mb8zd6Zy7INTtSpl1F15HW6Wnqj0srWlkKLcpYl/gMIMJiyuGq2KeI2YFxUPjdlB+3Lc10seMLtL4cA=="],
  }
}
